
Microsoft Visual Studio Solution File, Format Version 12.00
# Visual Studio 2012
Project("{2150E333-8FDC-42A3-9474-1A3956D46DE8}") = "Demos", "Demos", "{3A613CE4-5E65-4A77-BC21-FB2B1802E9C4}"
EndProject
Project("{F2A71F9B-5D33-465A-A702-920D77279786}") = "FSharp-Demo", "Demos\FSharp-Demo\FSharp-Demo.fsproj", "{8C089C86-79DE-42DF-BC81-A13EE42E671C}"
	ProjectSection(ProjectDependencies) = postProject
		{B3C7B4ED-EAD9-4044-B37B-5F5660BD6A14} = {B3C7B4ED-EAD9-4044-B37B-5F5660BD6A14}
	EndProjectSection
EndProject
Project("{FAE04EC0-301F-11D3-BF4B-00C04F79EFBC}") = "CSharp-Demo", "Demos\CSharp-Demo\CSharp-Demo.csproj", "{80252CF2-7F82-4613-BA63-AEA4070EF8DE}"
	ProjectSection(ProjectDependencies) = postProject
		{B3C7B4ED-EAD9-4044-B37B-5F5660BD6A14} = {B3C7B4ED-EAD9-4044-B37B-5F5660BD6A14}
	EndProjectSection
EndProject
Project("{F2A71F9B-5D33-465A-A702-920D77279786}") = "FSharp-Demo-1", "Demos\FSharp-Demo-1\FSharp-Demo-1.fsproj", "{ACB696C8-FB71-4C1B-A2F7-6789AF0DED74}"
EndProject
Project("{F2A71F9B-5D33-465A-A702-920D77279786}") = "Manipulator-Demo", "Demos\Manipulator-Demo\Manipulator-Demo.fsproj", "{809F0688-0E1E-4AFF-9707-D4180D27EB7B}"
	ProjectSection(ProjectDependencies) = postProject
		{B3C7B4ED-EAD9-4044-B37B-5F5660BD6A14} = {B3C7B4ED-EAD9-4044-B37B-5F5660BD6A14}
	EndProjectSection
EndProject
Project("{F2A71F9B-5D33-465A-A702-920D77279786}") = "Presentation-Demo", "Demos\Presentation-Demo\Presentation-Demo.fsproj", "{558F722A-9B6F-413B-A4EB-F5B59F78EB7A}"
	ProjectSection(ProjectDependencies) = postProject
		{B3C7B4ED-EAD9-4044-B37B-5F5660BD6A14} = {B3C7B4ED-EAD9-4044-B37B-5F5660BD6A14}
	EndProjectSection
EndProject
Project("{F2A71F9B-5D33-465A-A702-920D77279786}") = "Stripe-Demo", "Demos\Stripe-Demo\Stripe-Demo.fsproj", "{34AF8DF3-713B-447B-BF82-219C64A63DCE}"
	ProjectSection(ProjectDependencies) = postProject
		{B3C7B4ED-EAD9-4044-B37B-5F5660BD6A14} = {B3C7B4ED-EAD9-4044-B37B-5F5660BD6A14}
	EndProjectSection
EndProject
Project("{F2A71F9B-5D33-465A-A702-920D77279786}") = "Trik.Core", "Source\Trik.Core.fsproj", "{B3C7B4ED-EAD9-4044-B37B-5F5660BD6A14}"
EndProject
Project("{F2A71F9B-5D33-465A-A702-920D77279786}") = "Presentation-Demo-noRx", "Demos\Presentation-Demo-noRx\Presentation-Demo-noRx.fsproj", "{89F8E448-F811-4C21-96FE-FEEEC0DE4BB6}"
EndProject
Project("{FAE04EC0-301F-11D3-BF4B-00C04F79EFBC}") = "CSharp-Demo-1", "Demos\CSharp-Demo-1\CSharp-Demo-1.csproj", "{1AED2D9A-E749-42F6-B5AF-1596710FCF92}"
EndProject
Global
	GlobalSection(SolutionConfigurationPlatforms) = preSolution
		Debug|Any CPU = Debug|Any CPU
		Release|Any CPU = Release|Any CPU
	EndGlobalSection
	GlobalSection(ProjectConfigurationPlatforms) = postSolution
		{8C089C86-79DE-42DF-BC81-A13EE42E671C}.Debug|Any CPU.ActiveCfg = Release|Any CPU
		{8C089C86-79DE-42DF-BC81-A13EE42E671C}.Debug|Any CPU.Build.0 = Release|Any CPU
		{8C089C86-79DE-42DF-BC81-A13EE42E671C}.Release|Any CPU.ActiveCfg = Release|Any CPU
		{8C089C86-79DE-42DF-BC81-A13EE42E671C}.Release|Any CPU.Build.0 = Release|Any CPU
		{80252CF2-7F82-4613-BA63-AEA4070EF8DE}.Debug|Any CPU.ActiveCfg = Release|Any CPU
		{80252CF2-7F82-4613-BA63-AEA4070EF8DE}.Debug|Any CPU.Build.0 = Release|Any CPU
		{80252CF2-7F82-4613-BA63-AEA4070EF8DE}.Release|Any CPU.ActiveCfg = Release|Any CPU
		{80252CF2-7F82-4613-BA63-AEA4070EF8DE}.Release|Any CPU.Build.0 = Release|Any CPU
		{ACB696C8-FB71-4C1B-A2F7-6789AF0DED74}.Debug|Any CPU.ActiveCfg = Release|Any CPU
		{ACB696C8-FB71-4C1B-A2F7-6789AF0DED74}.Debug|Any CPU.Build.0 = Release|Any CPU
		{ACB696C8-FB71-4C1B-A2F7-6789AF0DED74}.Release|Any CPU.ActiveCfg = Release|Any CPU
		{ACB696C8-FB71-4C1B-A2F7-6789AF0DED74}.Release|Any CPU.Build.0 = Release|Any CPU
		{809F0688-0E1E-4AFF-9707-D4180D27EB7B}.Debug|Any CPU.ActiveCfg = Release|Any CPU
		{809F0688-0E1E-4AFF-9707-D4180D27EB7B}.Debug|Any CPU.Build.0 = Release|Any CPU
		{809F0688-0E1E-4AFF-9707-D4180D27EB7B}.Release|Any CPU.ActiveCfg = Release|Any CPU
		{809F0688-0E1E-4AFF-9707-D4180D27EB7B}.Release|Any CPU.Build.0 = Release|Any CPU
		{558F722A-9B6F-413B-A4EB-F5B59F78EB7A}.Debug|Any CPU.ActiveCfg = Release|Any CPU
		{558F722A-9B6F-413B-A4EB-F5B59F78EB7A}.Debug|Any CPU.Build.0 = Release|Any CPU
		{558F722A-9B6F-413B-A4EB-F5B59F78EB7A}.Release|Any CPU.ActiveCfg = Release|Any CPU
		{558F722A-9B6F-413B-A4EB-F5B59F78EB7A}.Release|Any CPU.Build.0 = Release|Any CPU
		{34AF8DF3-713B-447B-BF82-219C64A63DCE}.Debug|Any CPU.ActiveCfg = Release|Any CPU
		{34AF8DF3-713B-447B-BF82-219C64A63DCE}.Debug|Any CPU.Build.0 = Release|Any CPU
		{34AF8DF3-713B-447B-BF82-219C64A63DCE}.Release|Any CPU.ActiveCfg = Release|Any CPU
		{34AF8DF3-713B-447B-BF82-219C64A63DCE}.Release|Any CPU.Build.0 = Release|Any CPU
		{B3C7B4ED-EAD9-4044-B37B-5F5660BD6A14}.Debug|Any CPU.ActiveCfg = Release|Any CPU
		{B3C7B4ED-EAD9-4044-B37B-5F5660BD6A14}.Debug|Any CPU.Build.0 = Release|Any CPU
		{B3C7B4ED-EAD9-4044-B37B-5F5660BD6A14}.Release|Any CPU.ActiveCfg = Release|Any CPU
		{B3C7B4ED-EAD9-4044-B37B-5F5660BD6A14}.Release|Any CPU.Build.0 = Release|Any CPU
		{89F8E448-F811-4C21-96FE-FEEEC0DE4BB6}.Debug|Any CPU.ActiveCfg = Debug|Any CPU
		{89F8E448-F811-4C21-96FE-FEEEC0DE4BB6}.Debug|Any CPU.Build.0 = Debug|Any CPU
		{89F8E448-F811-4C21-96FE-FEEEC0DE4BB6}.Release|Any CPU.ActiveCfg = Release|Any CPU
		{89F8E448-F811-4C21-96FE-FEEEC0DE4BB6}.Release|Any CPU.Build.0 = Release|Any CPU
		{1AED2D9A-E749-42F6-B5AF-1596710FCF92}.Debug|Any CPU.ActiveCfg = Debug|Any CPU
		{1AED2D9A-E749-42F6-B5AF-1596710FCF92}.Debug|Any CPU.Build.0 = Debug|Any CPU
		{1AED2D9A-E749-42F6-B5AF-1596710FCF92}.Release|Any CPU.ActiveCfg = Release|Any CPU
		{1AED2D9A-E749-42F6-B5AF-1596710FCF92}.Release|Any CPU.Build.0 = Release|Any CPU
	EndGlobalSection
	GlobalSection(SolutionProperties) = preSolution
		HideSolutionNode = FALSE
	EndGlobalSection
	GlobalSection(NestedProjects) = preSolution
		{8C089C86-79DE-42DF-BC81-A13EE42E671C} = {3A613CE4-5E65-4A77-BC21-FB2B1802E9C4}
		{80252CF2-7F82-4613-BA63-AEA4070EF8DE} = {3A613CE4-5E65-4A77-BC21-FB2B1802E9C4}
		{ACB696C8-FB71-4C1B-A2F7-6789AF0DED74} = {3A613CE4-5E65-4A77-BC21-FB2B1802E9C4}
		{809F0688-0E1E-4AFF-9707-D4180D27EB7B} = {3A613CE4-5E65-4A77-BC21-FB2B1802E9C4}
		{558F722A-9B6F-413B-A4EB-F5B59F78EB7A} = {3A613CE4-5E65-4A77-BC21-FB2B1802E9C4}
		{34AF8DF3-713B-447B-BF82-219C64A63DCE} = {3A613CE4-5E65-4A77-BC21-FB2B1802E9C4}
		{89F8E448-F811-4C21-96FE-FEEEC0DE4BB6} = {3A613CE4-5E65-4A77-BC21-FB2B1802E9C4}
		{1AED2D9A-E749-42F6-B5AF-1596710FCF92} = {3A613CE4-5E65-4A77-BC21-FB2B1802E9C4}
	EndGlobalSection
EndGlobal
