
Microsoft Visual Studio Solution File, Format Version 12.00
# Visual Studio 2012
Project("{2150E333-8FDC-42A3-9474-1A3956D46DE8}") = "Demos", "Demos", "{3A613CE4-5E65-4A77-BC21-FB2B1802E9C4}"
EndProject
Project("{F2A71F9B-5D33-465A-A702-920D77279786}") = "FSharp-Demo", "Demos\FSharp-Demo\FSharp-Demo.fsproj", "{8C089C86-79DE-42DF-BC81-A13EE42E671C}"
EndProject
Project("{FAE04EC0-301F-11D3-BF4B-00C04F79EFBC}") = "CSharp-Demo", "Demos\CSharp-Demo\CSharp-Demo.csproj", "{80252CF2-7F82-4613-BA63-AEA4070EF8DE}"
EndProject
Project("{F2A71F9B-5D33-465A-A702-920D77279786}") = "FSharp-Demo-1", "Demos\FSharp-Demo-1\FSharp-Demo-1.fsproj", "{ACB696C8-FB71-4C1B-A2F7-6789AF0DED74}"
EndProject
Project("{F2A71F9B-5D33-465A-A702-920D77279786}") = "Manipulator-Demo", "Demos\Manipulator-Demo\Manipulator-Demo.fsproj", "{809F0688-0E1E-4AFF-9707-D4180D27EB7B}"
EndProject
Project("{F2A71F9B-5D33-465A-A702-920D77279786}") = "Presentation-Demo", "Demos\Presentation-Demo\Presentation-Demo.fsproj", "{558F722A-9B6F-413B-A4EB-F5B59F78EB7A}"
EndProject
Project("{F2A71F9B-5D33-465A-A702-920D77279786}") = "Stripe-Demo", "Demos\Stripe-Demo\Stripe-Demo.fsproj", "{34AF8DF3-713B-447B-BF82-219C64A63DCE}"
EndProject
Project("{F2A71F9B-5D33-465A-A702-920D77279786}") = "TrikSharp", "Source\TrikSharp.fsproj", "{B3C7B4ED-EAD9-4044-B37B-5F5660BD6A14}"
EndProject
Project("{F2A71F9B-5D33-465A-A702-920D77279786}") = "Button-Demo", "Demos\Button-Demo\Button-Demo.fsproj", "{F9EB03A0-50A7-460F-90EB-AC7263D0AC9C}"
EndProject
Global
	GlobalSection(SolutionConfigurationPlatforms) = preSolution
		Debug|Any CPU = Debug|Any CPU
		Release|Any CPU = Release|Any CPU
	EndGlobalSection
	GlobalSection(ProjectConfigurationPlatforms) = postSolution
		{8C089C86-79DE-42DF-BC81-A13EE42E671C}.Debug|Any CPU.ActiveCfg = Debug|Any CPU
		{8C089C86-79DE-42DF-BC81-A13EE42E671C}.Debug|Any CPU.Build.0 = Debug|Any CPU
		{8C089C86-79DE-42DF-BC81-A13EE42E671C}.Release|Any CPU.ActiveCfg = Release|Any CPU
		{8C089C86-79DE-42DF-BC81-A13EE42E671C}.Release|Any CPU.Build.0 = Release|Any CPU
		{80252CF2-7F82-4613-BA63-AEA4070EF8DE}.Debug|Any CPU.ActiveCfg = Debug|Any CPU
		{80252CF2-7F82-4613-BA63-AEA4070EF8DE}.Debug|Any CPU.Build.0 = Debug|Any CPU
		{80252CF2-7F82-4613-BA63-AEA4070EF8DE}.Release|Any CPU.ActiveCfg = Release|Any CPU
		{80252CF2-7F82-4613-BA63-AEA4070EF8DE}.Release|Any CPU.Build.0 = Release|Any CPU
		{ACB696C8-FB71-4C1B-A2F7-6789AF0DED74}.Debug|Any CPU.ActiveCfg = Debug|Any CPU
		{ACB696C8-FB71-4C1B-A2F7-6789AF0DED74}.Debug|Any CPU.Build.0 = Debug|Any CPU
		{ACB696C8-FB71-4C1B-A2F7-6789AF0DED74}.Release|Any CPU.ActiveCfg = Release|Any CPU
		{ACB696C8-FB71-4C1B-A2F7-6789AF0DED74}.Release|Any CPU.Build.0 = Release|Any CPU
		{809F0688-0E1E-4AFF-9707-D4180D27EB7B}.Debug|Any CPU.ActiveCfg = Debug|Any CPU
		{809F0688-0E1E-4AFF-9707-D4180D27EB7B}.Debug|Any CPU.Build.0 = Debug|Any CPU
		{809F0688-0E1E-4AFF-9707-D4180D27EB7B}.Release|Any CPU.ActiveCfg = Release|Any CPU
		{809F0688-0E1E-4AFF-9707-D4180D27EB7B}.Release|Any CPU.Build.0 = Release|Any CPU
		{558F722A-9B6F-413B-A4EB-F5B59F78EB7A}.Debug|Any CPU.ActiveCfg = Debug|Any CPU
		{558F722A-9B6F-413B-A4EB-F5B59F78EB7A}.Debug|Any CPU.Build.0 = Debug|Any CPU
		{558F722A-9B6F-413B-A4EB-F5B59F78EB7A}.Release|Any CPU.ActiveCfg = Release|Any CPU
		{558F722A-9B6F-413B-A4EB-F5B59F78EB7A}.Release|Any CPU.Build.0 = Release|Any CPU
		{34AF8DF3-713B-447B-BF82-219C64A63DCE}.Debug|Any CPU.ActiveCfg = Debug|Any CPU
		{34AF8DF3-713B-447B-BF82-219C64A63DCE}.Debug|Any CPU.Build.0 = Debug|Any CPU
		{34AF8DF3-713B-447B-BF82-219C64A63DCE}.Release|Any CPU.ActiveCfg = Release|Any CPU
		{34AF8DF3-713B-447B-BF82-219C64A63DCE}.Release|Any CPU.Build.0 = Release|Any CPU
		{B3C7B4ED-EAD9-4044-B37B-5F5660BD6A14}.Debug|Any CPU.ActiveCfg = Debug|Any CPU
		{B3C7B4ED-EAD9-4044-B37B-5F5660BD6A14}.Debug|Any CPU.Build.0 = Debug|Any CPU
		{B3C7B4ED-EAD9-4044-B37B-5F5660BD6A14}.Release|Any CPU.ActiveCfg = Release|Any CPU
		{B3C7B4ED-EAD9-4044-B37B-5F5660BD6A14}.Release|Any CPU.Build.0 = Release|Any CPU
		{F9EB03A0-50A7-460F-90EB-AC7263D0AC9C}.Debug|Any CPU.ActiveCfg = Debug|Any CPU
		{F9EB03A0-50A7-460F-90EB-AC7263D0AC9C}.Debug|Any CPU.Build.0 = Debug|Any CPU
		{F9EB03A0-50A7-460F-90EB-AC7263D0AC9C}.Release|Any CPU.ActiveCfg = Release|Any CPU
		{F9EB03A0-50A7-460F-90EB-AC7263D0AC9C}.Release|Any CPU.Build.0 = Release|Any CPU
	EndGlobalSection
	GlobalSection(SolutionProperties) = preSolution
		HideSolutionNode = FALSE
	EndGlobalSection
	GlobalSection(NestedProjects) = preSolution
		{8C089C86-79DE-42DF-BC81-A13EE42E671C} = {3A613CE4-5E65-4A77-BC21-FB2B1802E9C4}
		{80252CF2-7F82-4613-BA63-AEA4070EF8DE} = {3A613CE4-5E65-4A77-BC21-FB2B1802E9C4}
		{ACB696C8-FB71-4C1B-A2F7-6789AF0DED74} = {3A613CE4-5E65-4A77-BC21-FB2B1802E9C4}
		{809F0688-0E1E-4AFF-9707-D4180D27EB7B} = {3A613CE4-5E65-4A77-BC21-FB2B1802E9C4}
		{558F722A-9B6F-413B-A4EB-F5B59F78EB7A} = {3A613CE4-5E65-4A77-BC21-FB2B1802E9C4}
		{34AF8DF3-713B-447B-BF82-219C64A63DCE} = {3A613CE4-5E65-4A77-BC21-FB2B1802E9C4}
		{F9EB03A0-50A7-460F-90EB-AC7263D0AC9C} = {3A613CE4-5E65-4A77-BC21-FB2B1802E9C4}
	EndGlobalSection
EndGlobal
